
Microsoft Visual Studio Solution File, Format Version 12.00
# Visual Studio Version 16
VisualStudioVersion = 16.0.31402.337
MinimumVisualStudioVersion = 10.0.40219.1
Project("{FAE04EC0-301F-11D3-BF4B-00C04F79EFBC}") = "ExerciseOne", "ExerciseOne\ExerciseOne.csproj", "{CB33A25D-FDEA-4D83-82A0-1A34FAAD31C2}"
EndProject
Global
	GlobalSection(SolutionConfigurationPlatforms) = preSolution
		Debug|Any CPU = Debug|Any CPU
		Release|Any CPU = Release|Any CPU
	EndGlobalSection
	GlobalSection(ProjectConfigurationPlatforms) = postSolution
		{CB33A25D-FDEA-4D83-82A0-1A34FAAD31C2}.Debug|Any CPU.ActiveCfg = Debug|Any CPU
		{CB33A25D-FDEA-4D83-82A0-1A34FAAD31C2}.Debug|Any CPU.Build.0 = Debug|Any CPU
		{CB33A25D-FDEA-4D83-82A0-1A34FAAD31C2}.Release|Any CPU.ActiveCfg = Release|Any CPU
		{CB33A25D-FDEA-4D83-82A0-1A34FAAD31C2}.Release|Any CPU.Build.0 = Release|Any CPU
	EndGlobalSection
	GlobalSection(SolutionProperties) = preSolution
		HideSolutionNode = FALSE
	EndGlobalSection
	GlobalSection(ExtensibilityGlobals) = postSolution
		SolutionGuid = {3BFFB180-31F5-4A20-833D-51D6B58A1D46}
	EndGlobalSection
EndGlobal
